
Microsoft Visual Studio Solution File, Format Version 12.00
# Visual Studio Version 17
VisualStudioVersion = 17.11.35303.130
MinimumVisualStudioVersion = 10.0.40219.1
Project("{FAE04EC0-301F-11D3-BF4B-00C04F79EFBC}") = "CRUDfrom", "CRUDfrom\CRUDfrom.csproj", "{A10B7968-B6B6-46B1-9DCE-712C6AFBD10E}"
EndProject
Global
	GlobalSection(SolutionConfigurationPlatforms) = preSolution
		Debug|Any CPU = Debug|Any CPU
		Release|Any CPU = Release|Any CPU
	EndGlobalSection
	GlobalSection(ProjectConfigurationPlatforms) = postSolution
		{A10B7968-B6B6-46B1-9DCE-712C6AFBD10E}.Debug|Any CPU.ActiveCfg = Debug|Any CPU
		{A10B7968-B6B6-46B1-9DCE-712C6AFBD10E}.Debug|Any CPU.Build.0 = Debug|Any CPU
		{A10B7968-B6B6-46B1-9DCE-712C6AFBD10E}.Release|Any CPU.ActiveCfg = Release|Any CPU
		{A10B7968-B6B6-46B1-9DCE-712C6AFBD10E}.Release|Any CPU.Build.0 = Release|Any CPU
	EndGlobalSection
	GlobalSection(SolutionProperties) = preSolution
		HideSolutionNode = FALSE
	EndGlobalSection
	GlobalSection(ExtensibilityGlobals) = postSolution
		SolutionGuid = {1E4B2B94-DC08-488E-A785-FA7222072B87}
	EndGlobalSection
EndGlobal
